// !$*UTF8*$!
{
	archiveVersion = 1;
	classes = {
	};
	objectVersion = 56;
	objects = {

/* Begin PBXBuildFile section */
		529BD7512A815ED40047DCC6 /* GameStartView.swift in Sources */ = {isa = PBXBuildFile; fileRef = 529BD7502A815ED40047DCC6 /* GameStartView.swift */; };
		529BD7532A81609F0047DCC6 /* BackgroundColor.swift in Sources */ = {isa = PBXBuildFile; fileRef = 529BD7522A81609F0047DCC6 /* BackgroundColor.swift */; };
		529BD7552A81638A0047DCC6 /* UILabel+App.swift in Sources */ = {isa = PBXBuildFile; fileRef = 529BD7542A81638A0047DCC6 /* UILabel+App.swift */; };
		529BD7582A81A7410047DCC6 /* BackButton.swift in Sources */ = {isa = PBXBuildFile; fileRef = 529BD7572A81A7410047DCC6 /* BackButton.swift */; };
		529BD75A2A81A8EB0047DCC6 /* StopButton.swift in Sources */ = {isa = PBXBuildFile; fileRef = 529BD7592A81A8EB0047DCC6 /* StopButton.swift */; };
		529BD75C2A81AA880047DCC6 /* PurpleButton.swift in Sources */ = {isa = PBXBuildFile; fileRef = 529BD75B2A81AA880047DCC6 /* PurpleButton.swift */; };
		529BD75E2A81ABAC0047DCC6 /* UIStackView+App.swift in Sources */ = {isa = PBXBuildFile; fileRef = 529BD75D2A81ABAC0047DCC6 /* UIStackView+App.swift */; };
		529BD7602A81AD910047DCC6 /* UIView+App.swift in Sources */ = {isa = PBXBuildFile; fileRef = 529BD75F2A81AD910047DCC6 /* UIView+App.swift */; };
		529BD7672A81CBF20047DCC6 /* GameEndView.swift in Sources */ = {isa = PBXBuildFile; fileRef = 529BD7662A81CBF20047DCC6 /* GameEndView.swift */; };
		529BD76C2A82FF690047DCC6 /* QuestModel.swift in Sources */ = {isa = PBXBuildFile; fileRef = 529BD76B2A82FF690047DCC6 /* QuestModel.swift */; };
		529BD76F2A830DF30047DCC6 /* Lottie in Frameworks */ = {isa = PBXBuildFile; productRef = 529BD76E2A830DF30047DCC6 /* Lottie */; };
		529BD7712A83B7DC0047DCC6 /* bombAnimation.json in Resources */ = {isa = PBXBuildFile; fileRef = 529BD7702A83B7DC0047DCC6 /* bombAnimation.json */; };
		529BD7732A83B81F0047DCC6 /* QuestLogic.swift in Sources */ = {isa = PBXBuildFile; fileRef = 529BD7722A83B81F0047DCC6 /* QuestLogic.swift */; };
		867B18522A83D18200F7CAAA /* QuestionBrain.swift in Sources */ = {isa = PBXBuildFile; fileRef = 867B18502A83D18200F7CAAA /* QuestionBrain.swift */; };
		867B18532A83D18200F7CAAA /* HelperQuestionBrain.swift in Sources */ = {isa = PBXBuildFile; fileRef = 867B18512A83D18200F7CAAA /* HelperQuestionBrain.swift */; };
		867B18552A83D1AE00F7CAAA /* MyCollectionViewCell.swift in Sources */ = {isa = PBXBuildFile; fileRef = 867B18542A83D1AE00F7CAAA /* MyCollectionViewCell.swift */; };
		867B18572A83D34500F7CAAA /* CustomAlertViewController.swift in Sources */ = {isa = PBXBuildFile; fileRef = 867B18562A83D34500F7CAAA /* CustomAlertViewController.swift */; };
		868D15B12A80CA9000C6D712 /* AppDelegate.swift in Sources */ = {isa = PBXBuildFile; fileRef = 868D15B02A80CA9000C6D712 /* AppDelegate.swift */; };
		868D15B32A80CA9000C6D712 /* SceneDelegate.swift in Sources */ = {isa = PBXBuildFile; fileRef = 868D15B22A80CA9000C6D712 /* SceneDelegate.swift */; };
		868D15BA2A80CA9200C6D712 /* Assets.xcassets in Resources */ = {isa = PBXBuildFile; fileRef = 868D15B92A80CA9200C6D712 /* Assets.xcassets */; };
		868D15BD2A80CA9200C6D712 /* LaunchScreen.storyboard in Resources */ = {isa = PBXBuildFile; fileRef = 868D15BB2A80CA9200C6D712 /* LaunchScreen.storyboard */; };
		868D15FE2A80DD4E00C6D712 /* MainViewController.swift in Sources */ = {isa = PBXBuildFile; fileRef = 868D15FD2A80DD4E00C6D712 /* MainViewController.swift */; };
		868D16002A80DD6100C6D712 /* CategoryViewController.swift in Sources */ = {isa = PBXBuildFile; fileRef = 868D15FF2A80DD6100C6D712 /* CategoryViewController.swift */; };
		868D16022A80DD6F00C6D712 /* GameViewController.swift in Sources */ = {isa = PBXBuildFile; fileRef = 868D16012A80DD6F00C6D712 /* GameViewController.swift */; };
		868D16042A80DD7E00C6D712 /* GameEndViewController.swift in Sources */ = {isa = PBXBuildFile; fileRef = 868D16032A80DD7E00C6D712 /* GameEndViewController.swift */; };
		868D16062A80DD8E00C6D712 /* RulesViewController.swift in Sources */ = {isa = PBXBuildFile; fileRef = 868D16052A80DD8E00C6D712 /* RulesViewController.swift */; };
		868D16092A80DE7400C6D712 /* UIColor+App.swift in Sources */ = {isa = PBXBuildFile; fileRef = 868D16082A80DE7400C6D712 /* UIColor+App.swift */; };
		868D160B2A80F24B00C6D712 /* DelaGothicOne-Regular.ttf in Resources */ = {isa = PBXBuildFile; fileRef = 868D160A2A80F24B00C6D712 /* DelaGothicOne-Regular.ttf */; };
		868D160D2A80F2AD00C6D712 /* UIFont+App.swift in Sources */ = {isa = PBXBuildFile; fileRef = 868D160C2A80F2AD00C6D712 /* UIFont+App.swift */; };
/* End PBXBuildFile section */

/* Begin PBXFileReference section */
		529BD7502A815ED40047DCC6 /* GameStartView.swift */ = {isa = PBXFileReference; lastKnownFileType = sourcecode.swift; name = GameStartView.swift; path = BombApp/UIConstants/GameStartView.swift; sourceTree = SOURCE_ROOT; };
		529BD7522A81609F0047DCC6 /* BackgroundColor.swift */ = {isa = PBXFileReference; lastKnownFileType = sourcecode.swift; path = BackgroundColor.swift; sourceTree = "<group>"; };
		529BD7542A81638A0047DCC6 /* UILabel+App.swift */ = {isa = PBXFileReference; lastKnownFileType = sourcecode.swift; path = "UILabel+App.swift"; sourceTree = "<group>"; };
		529BD7572A81A7410047DCC6 /* BackButton.swift */ = {isa = PBXFileReference; lastKnownFileType = sourcecode.swift; path = BackButton.swift; sourceTree = "<group>"; };
		529BD7592A81A8EB0047DCC6 /* StopButton.swift */ = {isa = PBXFileReference; lastKnownFileType = sourcecode.swift; path = StopButton.swift; sourceTree = "<group>"; };
		529BD75B2A81AA880047DCC6 /* PurpleButton.swift */ = {isa = PBXFileReference; lastKnownFileType = sourcecode.swift; path = PurpleButton.swift; sourceTree = "<group>"; };
		529BD75D2A81ABAC0047DCC6 /* UIStackView+App.swift */ = {isa = PBXFileReference; lastKnownFileType = sourcecode.swift; path = "UIStackView+App.swift"; sourceTree = "<group>"; };
		529BD75F2A81AD910047DCC6 /* UIView+App.swift */ = {isa = PBXFileReference; lastKnownFileType = sourcecode.swift; path = "UIView+App.swift"; sourceTree = "<group>"; };
		529BD7662A81CBF20047DCC6 /* GameEndView.swift */ = {isa = PBXFileReference; lastKnownFileType = sourcecode.swift; path = GameEndView.swift; sourceTree = "<group>"; };
		529BD76B2A82FF690047DCC6 /* QuestModel.swift */ = {isa = PBXFileReference; lastKnownFileType = sourcecode.swift; path = QuestModel.swift; sourceTree = "<group>"; };
		529BD7702A83B7DC0047DCC6 /* bombAnimation.json */ = {isa = PBXFileReference; fileEncoding = 4; lastKnownFileType = text.json; path = bombAnimation.json; sourceTree = "<group>"; };
		529BD7722A83B81F0047DCC6 /* QuestLogic.swift */ = {isa = PBXFileReference; lastKnownFileType = sourcecode.swift; path = QuestLogic.swift; sourceTree = "<group>"; };
		867B18502A83D18200F7CAAA /* QuestionBrain.swift */ = {isa = PBXFileReference; fileEncoding = 4; lastKnownFileType = sourcecode.swift; path = QuestionBrain.swift; sourceTree = "<group>"; };
		867B18512A83D18200F7CAAA /* HelperQuestionBrain.swift */ = {isa = PBXFileReference; fileEncoding = 4; lastKnownFileType = sourcecode.swift; path = HelperQuestionBrain.swift; sourceTree = "<group>"; };
		867B18542A83D1AE00F7CAAA /* MyCollectionViewCell.swift */ = {isa = PBXFileReference; fileEncoding = 4; lastKnownFileType = sourcecode.swift; path = MyCollectionViewCell.swift; sourceTree = "<group>"; };
		867B18562A83D34500F7CAAA /* CustomAlertViewController.swift */ = {isa = PBXFileReference; fileEncoding = 4; lastKnownFileType = sourcecode.swift; path = CustomAlertViewController.swift; sourceTree = "<group>"; };
		868D15AD2A80CA9000C6D712 /* BombApp.app */ = {isa = PBXFileReference; explicitFileType = wrapper.application; includeInIndex = 0; path = BombApp.app; sourceTree = BUILT_PRODUCTS_DIR; };
		868D15B02A80CA9000C6D712 /* AppDelegate.swift */ = {isa = PBXFileReference; lastKnownFileType = sourcecode.swift; path = AppDelegate.swift; sourceTree = "<group>"; };
		868D15B22A80CA9000C6D712 /* SceneDelegate.swift */ = {isa = PBXFileReference; lastKnownFileType = sourcecode.swift; path = SceneDelegate.swift; sourceTree = "<group>"; };
		868D15B92A80CA9200C6D712 /* Assets.xcassets */ = {isa = PBXFileReference; lastKnownFileType = folder.assetcatalog; path = Assets.xcassets; sourceTree = "<group>"; };
		868D15BC2A80CA9200C6D712 /* Base */ = {isa = PBXFileReference; lastKnownFileType = file.storyboard; name = Base; path = Base.lproj/LaunchScreen.storyboard; sourceTree = "<group>"; };
		868D15BE2A80CA9200C6D712 /* Info.plist */ = {isa = PBXFileReference; lastKnownFileType = text.plist.xml; path = Info.plist; sourceTree = "<group>"; };
		868D15FD2A80DD4E00C6D712 /* MainViewController.swift */ = {isa = PBXFileReference; lastKnownFileType = sourcecode.swift; path = MainViewController.swift; sourceTree = "<group>"; };
		868D15FF2A80DD6100C6D712 /* CategoryViewController.swift */ = {isa = PBXFileReference; lastKnownFileType = sourcecode.swift; path = CategoryViewController.swift; sourceTree = "<group>"; };
		868D16012A80DD6F00C6D712 /* GameViewController.swift */ = {isa = PBXFileReference; lastKnownFileType = sourcecode.swift; path = GameViewController.swift; sourceTree = "<group>"; };
		868D16032A80DD7E00C6D712 /* GameEndViewController.swift */ = {isa = PBXFileReference; lastKnownFileType = sourcecode.swift; path = GameEndViewController.swift; sourceTree = "<group>"; };
		868D16052A80DD8E00C6D712 /* RulesViewController.swift */ = {isa = PBXFileReference; lastKnownFileType = sourcecode.swift; path = RulesViewController.swift; sourceTree = "<group>"; };
		868D16082A80DE7400C6D712 /* UIColor+App.swift */ = {isa = PBXFileReference; lastKnownFileType = sourcecode.swift; path = "UIColor+App.swift"; sourceTree = "<group>"; };
		868D160A2A80F24B00C6D712 /* DelaGothicOne-Regular.ttf */ = {isa = PBXFileReference; lastKnownFileType = file; path = "DelaGothicOne-Regular.ttf"; sourceTree = "<group>"; };
		868D160C2A80F2AD00C6D712 /* UIFont+App.swift */ = {isa = PBXFileReference; lastKnownFileType = sourcecode.swift; path = "UIFont+App.swift"; sourceTree = "<group>"; };
/* End PBXFileReference section */

/* Begin PBXFrameworksBuildPhase section */
		868D15AA2A80CA9000C6D712 /* Frameworks */ = {
			isa = PBXFrameworksBuildPhase;
			buildActionMask = 2147483647;
			files = (
				529BD76F2A830DF30047DCC6 /* Lottie in Frameworks */,
			);
			runOnlyForDeploymentPostprocessing = 0;
		};
/* End PBXFrameworksBuildPhase section */

/* Begin PBXGroup section */
		529BD7562A81A6FF0047DCC6 /* Unique */ = {
			isa = PBXGroup;
			children = (
				529BD7522A81609F0047DCC6 /* BackgroundColor.swift */,
				529BD7572A81A7410047DCC6 /* BackButton.swift */,
				529BD7592A81A8EB0047DCC6 /* StopButton.swift */,
				529BD75B2A81AA880047DCC6 /* PurpleButton.swift */,
			);
			path = Unique;
			sourceTree = "<group>";
		};
		529BD76A2A82FF5F0047DCC6 /* Models */ = {
			isa = PBXGroup;
			children = (
				529BD76B2A82FF690047DCC6 /* QuestModel.swift */,
				529BD7722A83B81F0047DCC6 /* QuestLogic.swift */,
			);
			path = Models;
			sourceTree = "<group>";
		};
		867B184F2A83D18200F7CAAA /* Model */ = {
			isa = PBXGroup;
			children = (
				867B18502A83D18200F7CAAA /* QuestionBrain.swift */,
				867B18512A83D18200F7CAAA /* HelperQuestionBrain.swift */,
			);
			path = Model;
			sourceTree = "<group>";
		};
		868D15A42A80CA9000C6D712 = {
			isa = PBXGroup;
			children = (
				868D15AF2A80CA9000C6D712 /* BombApp */,
				529BD7702A83B7DC0047DCC6 /* bombAnimation.json */,
				868D15AE2A80CA9000C6D712 /* Products */,
			);
			sourceTree = "<group>";
		};
		868D15AE2A80CA9000C6D712 /* Products */ = {
			isa = PBXGroup;
			children = (
				868D15AD2A80CA9000C6D712 /* BombApp.app */,
			);
			name = Products;
			sourceTree = "<group>";
		};
		868D15AF2A80CA9000C6D712 /* BombApp */ = {
			isa = PBXGroup;
			children = (
				868D15C42A80CBD800C6D712 /* Application */,
				868D15EA2A80D68500C6D712 /* UIConstants */,
				868D15E52A80D61B00C6D712 /* MainModule */,
				868D15E62A80D62600C6D712 /* CategoryModule */,
				868D15E72A80D63400C6D712 /* GameModule */,
				868D15E82A80D64000C6D712 /* GameEndModule */,
				868D15E92A80D64C00C6D712 /* RulesModule */,
				868D15EB2A80D6CF00C6D712 /* SupportingFiles */,
			);
			path = BombApp;
			sourceTree = "<group>";
		};
		868D15C42A80CBD800C6D712 /* Application */ = {
			isa = PBXGroup;
			children = (
				868D15B02A80CA9000C6D712 /* AppDelegate.swift */,
				868D15B22A80CA9000C6D712 /* SceneDelegate.swift */,
			);
			path = Application;
			sourceTree = "<group>";
		};
		868D15E52A80D61B00C6D712 /* MainModule */ = {
			isa = PBXGroup;
			children = (
				868D15F82A80DD1000C6D712 /* Models */,
				868D15F22A80DCE300C6D712 /* Views */,
				868D15ED2A80DCC600C6D712 /* Controllers */,
			);
			path = MainModule;
			sourceTree = "<group>";
		};
		868D15E62A80D62600C6D712 /* CategoryModule */ = {
			isa = PBXGroup;
			children = (
				867B184F2A83D18200F7CAAA /* Model */,
				868D15F32A80DCE900C6D712 /* Views */,
				868D15EE2A80DCCF00C6D712 /* Controllers */,
			);
			path = CategoryModule;
			sourceTree = "<group>";
		};
		868D15E72A80D63400C6D712 /* GameModule */ = {
			isa = PBXGroup;
			children = (
				529BD76A2A82FF5F0047DCC6 /* Models */,
				868D15F42A80DCED00C6D712 /* Views */,
				868D15EF2A80DCD200C6D712 /* Controllers */,
			);
			path = GameModule;
			sourceTree = "<group>";
		};
		868D15E82A80D64000C6D712 /* GameEndModule */ = {
			isa = PBXGroup;
			children = (
				868D15FB2A80DD1800C6D712 /* Models */,
				868D15F52A80DCF100C6D712 /* Views */,
				868D15F02A80DCD500C6D712 /* Controllers */,
			);
			path = GameEndModule;
			sourceTree = "<group>";
		};
		868D15E92A80D64C00C6D712 /* RulesModule */ = {
			isa = PBXGroup;
			children = (
				868D15FC2A80DD1B00C6D712 /* Models */,
				868D15F72A80DD0200C6D712 /* Views */,
				868D15F12A80DCD700C6D712 /* Controllers */,
			);
			path = RulesModule;
			sourceTree = "<group>";
		};
		868D15EA2A80D68500C6D712 /* UIConstants */ = {
			isa = PBXGroup;
			children = (
				529BD7562A81A6FF0047DCC6 /* Unique */,
				529BD7542A81638A0047DCC6 /* UILabel+App.swift */,
				868D16082A80DE7400C6D712 /* UIColor+App.swift */,
				868D160C2A80F2AD00C6D712 /* UIFont+App.swift */,
				529BD75D2A81ABAC0047DCC6 /* UIStackView+App.swift */,
				529BD75F2A81AD910047DCC6 /* UIView+App.swift */,
				867B18562A83D34500F7CAAA /* CustomAlertViewController.swift */,
			);
			path = UIConstants;
			sourceTree = "<group>";
		};
		868D15EB2A80D6CF00C6D712 /* SupportingFiles */ = {
			isa = PBXGroup;
			children = (
				868D15EC2A80D73D00C6D712 /* Fonts */,
				868D15BE2A80CA9200C6D712 /* Info.plist */,
				868D15BB2A80CA9200C6D712 /* LaunchScreen.storyboard */,
				868D15B92A80CA9200C6D712 /* Assets.xcassets */,
			);
			path = SupportingFiles;
			sourceTree = "<group>";
		};
		868D15EC2A80D73D00C6D712 /* Fonts */ = {
			isa = PBXGroup;
			children = (
				868D160A2A80F24B00C6D712 /* DelaGothicOne-Regular.ttf */,
			);
			path = Fonts;
			sourceTree = "<group>";
		};
		868D15ED2A80DCC600C6D712 /* Controllers */ = {
			isa = PBXGroup;
			children = (
				868D15FD2A80DD4E00C6D712 /* MainViewController.swift */,
			);
			path = Controllers;
			sourceTree = "<group>";
		};
		868D15EE2A80DCCF00C6D712 /* Controllers */ = {
			isa = PBXGroup;
			children = (
				868D15FF2A80DD6100C6D712 /* CategoryViewController.swift */,
			);
			path = Controllers;
			sourceTree = "<group>";
		};
		868D15EF2A80DCD200C6D712 /* Controllers */ = {
			isa = PBXGroup;
			children = (
				868D16012A80DD6F00C6D712 /* GameViewController.swift */,
			);
			path = Controllers;
			sourceTree = "<group>";
		};
		868D15F02A80DCD500C6D712 /* Controllers */ = {
			isa = PBXGroup;
			children = (
				868D16032A80DD7E00C6D712 /* GameEndViewController.swift */,
			);
			path = Controllers;
			sourceTree = "<group>";
		};
		868D15F12A80DCD700C6D712 /* Controllers */ = {
			isa = PBXGroup;
			children = (
				868D16052A80DD8E00C6D712 /* RulesViewController.swift */,
			);
			path = Controllers;
			sourceTree = "<group>";
		};
		868D15F22A80DCE300C6D712 /* Views */ = {
			isa = PBXGroup;
			children = (
			);
			path = Views;
			sourceTree = "<group>";
		};
		868D15F32A80DCE900C6D712 /* Views */ = {
			isa = PBXGroup;
			children = (
				867B18542A83D1AE00F7CAAA /* MyCollectionViewCell.swift */,
			);
			path = Views;
			sourceTree = "<group>";
		};
		868D15F42A80DCED00C6D712 /* Views */ = {
			isa = PBXGroup;
			children = (
				529BD7502A815ED40047DCC6 /* GameStartView.swift */,
			);
			path = Views;
			sourceTree = "<group>";
		};
		868D15F52A80DCF100C6D712 /* Views */ = {
			isa = PBXGroup;
			children = (
				529BD7662A81CBF20047DCC6 /* GameEndView.swift */,
			);
			path = Views;
			sourceTree = "<group>";
		};
		868D15F72A80DD0200C6D712 /* Views */ = {
			isa = PBXGroup;
			children = (
			);
			path = Views;
			sourceTree = "<group>";
		};
		868D15F82A80DD1000C6D712 /* Models */ = {
			isa = PBXGroup;
			children = (
			);
			path = Models;
			sourceTree = "<group>";
		};
		868D15FB2A80DD1800C6D712 /* Models */ = {
			isa = PBXGroup;
			children = (
			);
			path = Models;
			sourceTree = "<group>";
		};
		868D15FC2A80DD1B00C6D712 /* Models */ = {
			isa = PBXGroup;
			children = (
			);
			path = Models;
			sourceTree = "<group>";
		};
/* End PBXGroup section */

/* Begin PBXNativeTarget section */
		868D15AC2A80CA9000C6D712 /* BombApp */ = {
			isa = PBXNativeTarget;
			buildConfigurationList = 868D15C12A80CA9200C6D712 /* Build configuration list for PBXNativeTarget "BombApp" */;
			buildPhases = (
				868D15A92A80CA9000C6D712 /* Sources */,
				868D15AA2A80CA9000C6D712 /* Frameworks */,
				868D15AB2A80CA9000C6D712 /* Resources */,
			);
			buildRules = (
			);
			dependencies = (
			);
			name = BombApp;
			packageProductDependencies = (
				529BD76E2A830DF30047DCC6 /* Lottie */,
			);
			productName = BombApp;
			productReference = 868D15AD2A80CA9000C6D712 /* BombApp.app */;
			productType = "com.apple.product-type.application";
		};
/* End PBXNativeTarget section */

/* Begin PBXProject section */
		868D15A52A80CA9000C6D712 /* Project object */ = {
			isa = PBXProject;
			attributes = {
				BuildIndependentTargetsInParallel = 1;
				LastSwiftUpdateCheck = 1430;
				LastUpgradeCheck = 1430;
				TargetAttributes = {
					868D15AC2A80CA9000C6D712 = {
						CreatedOnToolsVersion = 14.3.1;
					};
				};
			};
			buildConfigurationList = 868D15A82A80CA9000C6D712 /* Build configuration list for PBXProject "BombApp" */;
			compatibilityVersion = "Xcode 14.0";
			developmentRegion = en;
			hasScannedForEncodings = 0;
			knownRegions = (
				en,
				Base,
			);
			mainGroup = 868D15A42A80CA9000C6D712;
			packageReferences = (
				529BD76D2A830DF30047DCC6 /* XCRemoteSwiftPackageReference "lottie-ios" */,
			);
			productRefGroup = 868D15AE2A80CA9000C6D712 /* Products */;
			projectDirPath = "";
			projectRoot = "";
			targets = (
				868D15AC2A80CA9000C6D712 /* BombApp */,
			);
		};
/* End PBXProject section */

/* Begin PBXResourcesBuildPhase section */
		868D15AB2A80CA9000C6D712 /* Resources */ = {
			isa = PBXResourcesBuildPhase;
			buildActionMask = 2147483647;
			files = (
				868D15BD2A80CA9200C6D712 /* LaunchScreen.storyboard in Resources */,
				868D15BA2A80CA9200C6D712 /* Assets.xcassets in Resources */,
				529BD7712A83B7DC0047DCC6 /* bombAnimation.json in Resources */,
				868D160B2A80F24B00C6D712 /* DelaGothicOne-Regular.ttf in Resources */,
			);
			runOnlyForDeploymentPostprocessing = 0;
		};
/* End PBXResourcesBuildPhase section */

/* Begin PBXSourcesBuildPhase section */
		868D15A92A80CA9000C6D712 /* Sources */ = {
			isa = PBXSourcesBuildPhase;
			buildActionMask = 2147483647;
			files = (
				529BD7532A81609F0047DCC6 /* BackgroundColor.swift in Sources */,
				868D16002A80DD6100C6D712 /* CategoryViewController.swift in Sources */,
				529BD7512A815ED40047DCC6 /* GameStartView.swift in Sources */,
				529BD7732A83B81F0047DCC6 /* QuestLogic.swift in Sources */,
				868D160D2A80F2AD00C6D712 /* UIFont+App.swift in Sources */,
				868D15B12A80CA9000C6D712 /* AppDelegate.swift in Sources */,
				529BD75A2A81A8EB0047DCC6 /* StopButton.swift in Sources */,
				529BD75C2A81AA880047DCC6 /* PurpleButton.swift in Sources */,
				868D15B32A80CA9000C6D712 /* SceneDelegate.swift in Sources */,
				529BD7672A81CBF20047DCC6 /* GameEndView.swift in Sources */,
				529BD76C2A82FF690047DCC6 /* QuestModel.swift in Sources */,
				529BD7552A81638A0047DCC6 /* UILabel+App.swift in Sources */,
				868D16022A80DD6F00C6D712 /* GameViewController.swift in Sources */,
				867B18552A83D1AE00F7CAAA /* MyCollectionViewCell.swift in Sources */,
				868D16042A80DD7E00C6D712 /* GameEndViewController.swift in Sources */,
				867B18522A83D18200F7CAAA /* QuestionBrain.swift in Sources */,
				529BD75E2A81ABAC0047DCC6 /* UIStackView+App.swift in Sources */,
				529BD7602A81AD910047DCC6 /* UIView+App.swift in Sources */,
				868D16092A80DE7400C6D712 /* UIColor+App.swift in Sources */,
				868D16062A80DD8E00C6D712 /* RulesViewController.swift in Sources */,
				867B18572A83D34500F7CAAA /* CustomAlertViewController.swift in Sources */,
				868D15FE2A80DD4E00C6D712 /* MainViewController.swift in Sources */,
				867B18532A83D18200F7CAAA /* HelperQuestionBrain.swift in Sources */,
				529BD7582A81A7410047DCC6 /* BackButton.swift in Sources */,
			);
			runOnlyForDeploymentPostprocessing = 0;
		};
/* End PBXSourcesBuildPhase section */

/* Begin PBXVariantGroup section */
		868D15BB2A80CA9200C6D712 /* LaunchScreen.storyboard */ = {
			isa = PBXVariantGroup;
			children = (
				868D15BC2A80CA9200C6D712 /* Base */,
			);
			name = LaunchScreen.storyboard;
			sourceTree = "<group>";
		};
/* End PBXVariantGroup section */

/* Begin XCBuildConfiguration section */
		868D15BF2A80CA9200C6D712 /* Debug */ = {
			isa = XCBuildConfiguration;
			buildSettings = {
				ALWAYS_SEARCH_USER_PATHS = NO;
				CLANG_ANALYZER_NONNULL = YES;
				CLANG_ANALYZER_NUMBER_OBJECT_CONVERSION = YES_AGGRESSIVE;
				CLANG_CXX_LANGUAGE_STANDARD = "gnu++20";
				CLANG_ENABLE_MODULES = YES;
				CLANG_ENABLE_OBJC_ARC = YES;
				CLANG_ENABLE_OBJC_WEAK = YES;
				CLANG_WARN_BLOCK_CAPTURE_AUTORELEASING = YES;
				CLANG_WARN_BOOL_CONVERSION = YES;
				CLANG_WARN_COMMA = YES;
				CLANG_WARN_CONSTANT_CONVERSION = YES;
				CLANG_WARN_DEPRECATED_OBJC_IMPLEMENTATIONS = YES;
				CLANG_WARN_DIRECT_OBJC_ISA_USAGE = YES_ERROR;
				CLANG_WARN_DOCUMENTATION_COMMENTS = YES;
				CLANG_WARN_EMPTY_BODY = YES;
				CLANG_WARN_ENUM_CONVERSION = YES;
				CLANG_WARN_INFINITE_RECURSION = YES;
				CLANG_WARN_INT_CONVERSION = YES;
				CLANG_WARN_NON_LITERAL_NULL_CONVERSION = YES;
				CLANG_WARN_OBJC_IMPLICIT_RETAIN_SELF = YES;
				CLANG_WARN_OBJC_LITERAL_CONVERSION = YES;
				CLANG_WARN_OBJC_ROOT_CLASS = YES_ERROR;
				CLANG_WARN_QUOTED_INCLUDE_IN_FRAMEWORK_HEADER = YES;
				CLANG_WARN_RANGE_LOOP_ANALYSIS = YES;
				CLANG_WARN_STRICT_PROTOTYPES = YES;
				CLANG_WARN_SUSPICIOUS_MOVE = YES;
				CLANG_WARN_UNGUARDED_AVAILABILITY = YES_AGGRESSIVE;
				CLANG_WARN_UNREACHABLE_CODE = YES;
				CLANG_WARN__DUPLICATE_METHOD_MATCH = YES;
				COPY_PHASE_STRIP = NO;
				DEBUG_INFORMATION_FORMAT = dwarf;
				ENABLE_STRICT_OBJC_MSGSEND = YES;
				ENABLE_TESTABILITY = YES;
				GCC_C_LANGUAGE_STANDARD = gnu11;
				GCC_DYNAMIC_NO_PIC = NO;
				GCC_NO_COMMON_BLOCKS = YES;
				GCC_OPTIMIZATION_LEVEL = 0;
				GCC_PREPROCESSOR_DEFINITIONS = (
					"DEBUG=1",
					"$(inherited)",
				);
				GCC_WARN_64_TO_32_BIT_CONVERSION = YES;
				GCC_WARN_ABOUT_RETURN_TYPE = YES_ERROR;
				GCC_WARN_UNDECLARED_SELECTOR = YES;
				GCC_WARN_UNINITIALIZED_AUTOS = YES_AGGRESSIVE;
				GCC_WARN_UNUSED_FUNCTION = YES;
				GCC_WARN_UNUSED_VARIABLE = YES;
				IPHONEOS_DEPLOYMENT_TARGET = 15.0;
				MTL_ENABLE_DEBUG_INFO = INCLUDE_SOURCE;
				MTL_FAST_MATH = YES;
				ONLY_ACTIVE_ARCH = YES;
				SDKROOT = iphoneos;
				SWIFT_ACTIVE_COMPILATION_CONDITIONS = DEBUG;
				SWIFT_OPTIMIZATION_LEVEL = "-Onone";
			};
			name = Debug;
		};
		868D15C02A80CA9200C6D712 /* Release */ = {
			isa = XCBuildConfiguration;
			buildSettings = {
				ALWAYS_SEARCH_USER_PATHS = NO;
				CLANG_ANALYZER_NONNULL = YES;
				CLANG_ANALYZER_NUMBER_OBJECT_CONVERSION = YES_AGGRESSIVE;
				CLANG_CXX_LANGUAGE_STANDARD = "gnu++20";
				CLANG_ENABLE_MODULES = YES;
				CLANG_ENABLE_OBJC_ARC = YES;
				CLANG_ENABLE_OBJC_WEAK = YES;
				CLANG_WARN_BLOCK_CAPTURE_AUTORELEASING = YES;
				CLANG_WARN_BOOL_CONVERSION = YES;
				CLANG_WARN_COMMA = YES;
				CLANG_WARN_CONSTANT_CONVERSION = YES;
				CLANG_WARN_DEPRECATED_OBJC_IMPLEMENTATIONS = YES;
				CLANG_WARN_DIRECT_OBJC_ISA_USAGE = YES_ERROR;
				CLANG_WARN_DOCUMENTATION_COMMENTS = YES;
				CLANG_WARN_EMPTY_BODY = YES;
				CLANG_WARN_ENUM_CONVERSION = YES;
				CLANG_WARN_INFINITE_RECURSION = YES;
				CLANG_WARN_INT_CONVERSION = YES;
				CLANG_WARN_NON_LITERAL_NULL_CONVERSION = YES;
				CLANG_WARN_OBJC_IMPLICIT_RETAIN_SELF = YES;
				CLANG_WARN_OBJC_LITERAL_CONVERSION = YES;
				CLANG_WARN_OBJC_ROOT_CLASS = YES_ERROR;
				CLANG_WARN_QUOTED_INCLUDE_IN_FRAMEWORK_HEADER = YES;
				CLANG_WARN_RANGE_LOOP_ANALYSIS = YES;
				CLANG_WARN_STRICT_PROTOTYPES = YES;
				CLANG_WARN_SUSPICIOUS_MOVE = YES;
				CLANG_WARN_UNGUARDED_AVAILABILITY = YES_AGGRESSIVE;
				CLANG_WARN_UNREACHABLE_CODE = YES;
				CLANG_WARN__DUPLICATE_METHOD_MATCH = YES;
				COPY_PHASE_STRIP = NO;
				DEBUG_INFORMATION_FORMAT = "dwarf-with-dsym";
				ENABLE_NS_ASSERTIONS = NO;
				ENABLE_STRICT_OBJC_MSGSEND = YES;
				GCC_C_LANGUAGE_STANDARD = gnu11;
				GCC_NO_COMMON_BLOCKS = YES;
				GCC_WARN_64_TO_32_BIT_CONVERSION = YES;
				GCC_WARN_ABOUT_RETURN_TYPE = YES_ERROR;
				GCC_WARN_UNDECLARED_SELECTOR = YES;
				GCC_WARN_UNINITIALIZED_AUTOS = YES_AGGRESSIVE;
				GCC_WARN_UNUSED_FUNCTION = YES;
				GCC_WARN_UNUSED_VARIABLE = YES;
				IPHONEOS_DEPLOYMENT_TARGET = 15.0;
				MTL_ENABLE_DEBUG_INFO = NO;
				MTL_FAST_MATH = YES;
				SDKROOT = iphoneos;
				SWIFT_COMPILATION_MODE = wholemodule;
				SWIFT_OPTIMIZATION_LEVEL = "-O";
				VALIDATE_PRODUCT = YES;
			};
			name = Release;
		};
		868D15C22A80CA9200C6D712 /* Debug */ = {
			isa = XCBuildConfiguration;
			buildSettings = {
				ASSETCATALOG_COMPILER_APPICON_NAME = AppIcon;
				ASSETCATALOG_COMPILER_GLOBAL_ACCENT_COLOR_NAME = AccentColor;
				CODE_SIGN_STYLE = Automatic;
				CURRENT_PROJECT_VERSION = 1;
				DEVELOPMENT_TEAM = 5MT2PBNQ85;
				GENERATE_INFOPLIST_FILE = YES;
				INFOPLIST_FILE = BombApp/SupportingFiles/Info.plist;
				INFOPLIST_KEY_UIApplicationSupportsIndirectInputEvents = YES;
				INFOPLIST_KEY_UILaunchStoryboardName = LaunchScreen;
				INFOPLIST_KEY_UISupportedInterfaceOrientations_iPad = "UIInterfaceOrientationPortrait UIInterfaceOrientationPortraitUpsideDown UIInterfaceOrientationLandscapeLeft UIInterfaceOrientationLandscapeRight";
				INFOPLIST_KEY_UISupportedInterfaceOrientations_iPhone = "UIInterfaceOrientationPortrait UIInterfaceOrientationLandscapeLeft UIInterfaceOrientationLandscapeRight";
				LD_RUNPATH_SEARCH_PATHS = (
					"$(inherited)",
					"@executable_path/Frameworks",
				);
				MARKETING_VERSION = 1.0;
				PRODUCT_BUNDLE_IDENTIFIER = com.zcredi.BombApp;
				PRODUCT_NAME = "$(TARGET_NAME)";
				SUPPORTED_PLATFORMS = "iphoneos iphonesimulator";
				SUPPORTS_MACCATALYST = NO;
				SUPPORTS_MAC_DESIGNED_FOR_IPHONE_IPAD = NO;
				SWIFT_EMIT_LOC_STRINGS = YES;
				SWIFT_VERSION = 5.0;
				TARGETED_DEVICE_FAMILY = 1;
			};
			name = Debug;
		};
		868D15C32A80CA9200C6D712 /* Release */ = {
			isa = XCBuildConfiguration;
			buildSettings = {
				ASSETCATALOG_COMPILER_APPICON_NAME = AppIcon;
				ASSETCATALOG_COMPILER_GLOBAL_ACCENT_COLOR_NAME = AccentColor;
				CODE_SIGN_STYLE = Automatic;
				CURRENT_PROJECT_VERSION = 1;
				DEVELOPMENT_TEAM = 5MT2PBNQ85;
				GENERATE_INFOPLIST_FILE = YES;
				INFOPLIST_FILE = BombApp/SupportingFiles/Info.plist;
				INFOPLIST_KEY_UIApplicationSupportsIndirectInputEvents = YES;
				INFOPLIST_KEY_UILaunchStoryboardName = LaunchScreen;
				INFOPLIST_KEY_UISupportedInterfaceOrientations_iPad = "UIInterfaceOrientationPortrait UIInterfaceOrientationPortraitUpsideDown UIInterfaceOrientationLandscapeLeft UIInterfaceOrientationLandscapeRight";
				INFOPLIST_KEY_UISupportedInterfaceOrientations_iPhone = "UIInterfaceOrientationPortrait UIInterfaceOrientationLandscapeLeft UIInterfaceOrientationLandscapeRight";
				LD_RUNPATH_SEARCH_PATHS = (
					"$(inherited)",
					"@executable_path/Frameworks",
				);
				MARKETING_VERSION = 1.0;
				PRODUCT_BUNDLE_IDENTIFIER = com.zcredi.BombApp;
				PRODUCT_NAME = "$(TARGET_NAME)";
				SUPPORTED_PLATFORMS = "iphoneos iphonesimulator";
				SUPPORTS_MACCATALYST = NO;
				SUPPORTS_MAC_DESIGNED_FOR_IPHONE_IPAD = NO;
				SWIFT_EMIT_LOC_STRINGS = YES;
				SWIFT_VERSION = 5.0;
				TARGETED_DEVICE_FAMILY = 1;
			};
			name = Release;
		};
/* End XCBuildConfiguration section */

/* Begin XCConfigurationList section */
		868D15A82A80CA9000C6D712 /* Build configuration list for PBXProject "BombApp" */ = {
			isa = XCConfigurationList;
			buildConfigurations = (
				868D15BF2A80CA9200C6D712 /* Debug */,
				868D15C02A80CA9200C6D712 /* Release */,
			);
			defaultConfigurationIsVisible = 0;
			defaultConfigurationName = Release;
		};
		868D15C12A80CA9200C6D712 /* Build configuration list for PBXNativeTarget "BombApp" */ = {
			isa = XCConfigurationList;
			buildConfigurations = (
				868D15C22A80CA9200C6D712 /* Debug */,
				868D15C32A80CA9200C6D712 /* Release */,
			);
			defaultConfigurationIsVisible = 0;
			defaultConfigurationName = Release;
		};
/* End XCConfigurationList section */

/* Begin XCRemoteSwiftPackageReference section */
		529BD76D2A830DF30047DCC6 /* XCRemoteSwiftPackageReference "lottie-ios" */ = {
			isa = XCRemoteSwiftPackageReference;
			repositoryURL = "https://github.com/airbnb/lottie-ios.git";
			requirement = {
				kind = upToNextMajorVersion;
				minimumVersion = 4.0.0;
			};
		};
/* End XCRemoteSwiftPackageReference section */

/* Begin XCSwiftPackageProductDependency section */
		529BD76E2A830DF30047DCC6 /* Lottie */ = {
			isa = XCSwiftPackageProductDependency;
			package = 529BD76D2A830DF30047DCC6 /* XCRemoteSwiftPackageReference "lottie-ios" */;
			productName = Lottie;
		};
/* End XCSwiftPackageProductDependency section */
	};
	rootObject = 868D15A52A80CA9000C6D712 /* Project object */;
}
